
Microsoft Visual Studio Solution File, Format Version 12.00
# Visual Studio Version 17
VisualStudioVersion = 17.14.36717.8 d17.14
MinimumVisualStudioVersion = 10.0.40219.1
Project("{FAE04EC0-301F-11D3-BF4B-00C04F79EFBC}") = "EjercicioForms3", "EjercicioForms3.csproj", "{326212AD-7E59-418E-B386-FD7DE3C7543E}"
EndProject
Global
	GlobalSection(SolutionConfigurationPlatforms) = preSolution
		Debug|Any CPU = Debug|Any CPU
		Release|Any CPU = Release|Any CPU
	EndGlobalSection
	GlobalSection(ProjectConfigurationPlatforms) = postSolution
		{326212AD-7E59-418E-B386-FD7DE3C7543E}.Debug|Any CPU.ActiveCfg = Debug|Any CPU
		{326212AD-7E59-418E-B386-FD7DE3C7543E}.Debug|Any CPU.Build.0 = Debug|Any CPU
		{326212AD-7E59-418E-B386-FD7DE3C7543E}.Release|Any CPU.ActiveCfg = Release|Any CPU
		{326212AD-7E59-418E-B386-FD7DE3C7543E}.Release|Any CPU.Build.0 = Release|Any CPU
	EndGlobalSection
	GlobalSection(SolutionProperties) = preSolution
		HideSolutionNode = FALSE
	EndGlobalSection
	GlobalSection(ExtensibilityGlobals) = postSolution
		SolutionGuid = {19918C7A-6576-41CB-9E88-2A4729168DD6}
	EndGlobalSection
EndGlobal
